
Microsoft Visual Studio Solution File, Format Version 12.00
# Visual Studio 15
VisualStudioVersion = 15.0.33423.255
MinimumVisualStudioVersion = 10.0.40219.1
Project("{FAE04EC0-301F-11D3-BF4B-00C04F79EFBC}") = "ProductsApp", "ProductsApp\ProductsApp.csproj", "{D5708EB4-E9C7-4128-9B21-6BB0CAD98EC1}"
EndProject
Project("{FAE04EC0-301F-11D3-BF4B-00C04F79EFBC}") = "ProductsApp.Tests", "ProductsApp.Tests\ProductsApp.Tests.csproj", "{7A973AD9-694E-45F1-A7BB-CAC09E1CC4F7}"
EndProject
Global
	GlobalSection(SolutionConfigurationPlatforms) = preSolution
		Debug|Any CPU = Debug|Any CPU
		Release|Any CPU = Release|Any CPU
	EndGlobalSection
	GlobalSection(ProjectConfigurationPlatforms) = postSolution
		{D5708EB4-E9C7-4128-9B21-6BB0CAD98EC1}.Debug|Any CPU.ActiveCfg = Debug|Any CPU
		{D5708EB4-E9C7-4128-9B21-6BB0CAD98EC1}.Debug|Any CPU.Build.0 = Debug|Any CPU
		{D5708EB4-E9C7-4128-9B21-6BB0CAD98EC1}.Release|Any CPU.ActiveCfg = Release|Any CPU
		{D5708EB4-E9C7-4128-9B21-6BB0CAD98EC1}.Release|Any CPU.Build.0 = Release|Any CPU
		{7A973AD9-694E-45F1-A7BB-CAC09E1CC4F7}.Debug|Any CPU.ActiveCfg = Debug|Any CPU
		{7A973AD9-694E-45F1-A7BB-CAC09E1CC4F7}.Debug|Any CPU.Build.0 = Debug|Any CPU
		{7A973AD9-694E-45F1-A7BB-CAC09E1CC4F7}.Release|Any CPU.ActiveCfg = Release|Any CPU
		{7A973AD9-694E-45F1-A7BB-CAC09E1CC4F7}.Release|Any CPU.Build.0 = Release|Any CPU
	EndGlobalSection
	GlobalSection(SolutionProperties) = preSolution
		HideSolutionNode = FALSE
	EndGlobalSection
	GlobalSection(ExtensibilityGlobals) = postSolution
		SolutionGuid = {818C9D46-7C7F-4B94-8466-AA8E9F01BC6B}
	EndGlobalSection
EndGlobal
